// !$*UTF8*$!
{
	archiveVersion = 1;
	classes = {
	};
	objectVersion = 77;
	objects = {

/* Begin PBXContainerItemProxy section */
		1B6B73C82CF37681002269D2 /* PBXContainerItemProxy */ = {
			isa = PBXContainerItemProxy;
			containerPortal = 1B6B73AF2CF3767F002269D2 /* Project object */;
			proxyType = 1;
			remoteGlobalIDString = 1B6B73B62CF3767F002269D2;
			remoteInfo = "SZRES-notif";
		};
		1B6B73D22CF37681002269D2 /* PBXContainerItemProxy */ = {
			isa = PBXContainerItemProxy;
			containerPortal = 1B6B73AF2CF3767F002269D2 /* Project object */;
			proxyType = 1;
			remoteGlobalIDString = 1B6B73B62CF3767F002269D2;
			remoteInfo = "SZRES-notif";
		};
/* End PBXContainerItemProxy section */

/* Begin PBXFileReference section */
		1B6B73B72CF3767F002269D2 /* SZRES-notif.app */ = {isa = PBXFileReference; explicitFileType = wrapper.application; includeInIndex = 0; path = "SZRES-notif.app"; sourceTree = BUILT_PRODUCTS_DIR; };
		1B6B73C72CF37681002269D2 /* SZRES-notifTests.xctest */ = {isa = PBXFileReference; explicitFileType = wrapper.cfbundle; includeInIndex = 0; path = "SZRES-notifTests.xctest"; sourceTree = BUILT_PRODUCTS_DIR; };
		1B6B73D12CF37681002269D2 /* SZRES-notifUITests.xctest */ = {isa = PBXFileReference; explicitFileType = wrapper.cfbundle; includeInIndex = 0; path = "SZRES-notifUITests.xctest"; sourceTree = BUILT_PRODUCTS_DIR; };
/* End PBXFileReference section */

/* Begin PBXFileSystemSynchronizedRootGroup section */
		1B6B73B92CF3767F002269D2 /* SZRES-notif */ = {
			isa = PBXFileSystemSynchronizedRootGroup;
			path = "SZRES-notif";
			sourceTree = "<group>";
		};
		1B6B73CA2CF37681002269D2 /* SZRES-notifTests */ = {
			isa = PBXFileSystemSynchronizedRootGroup;
			path = "SZRES-notifTests";
			sourceTree = "<group>";
		};
		1B6B73D42CF37681002269D2 /* SZRES-notifUITests */ = {
			isa = PBXFileSystemSynchronizedRootGroup;
			path = "SZRES-notifUITests";
			sourceTree = "<group>";
		};
/* End PBXFileSystemSynchronizedRootGroup section */

/* Begin PBXFrameworksBuildPhase section */
		1B6B73B42CF3767F002269D2 /* Frameworks */ = {
			isa = PBXFrameworksBuildPhase;
			buildActionMask = 2147483647;
			files = (
			);
			runOnlyForDeploymentPostprocessing = 0;
		};
		1B6B73C42CF37681002269D2 /* Frameworks */ = {
			isa = PBXFrameworksBuildPhase;
			buildActionMask = 2147483647;
			files = (
			);
			runOnlyForDeploymentPostprocessing = 0;
		};
		1B6B73CE2CF37681002269D2 /* Frameworks */ = {
			isa = PBXFrameworksBuildPhase;
			buildActionMask = 2147483647;
			files = (
			);
			runOnlyForDeploymentPostprocessing = 0;
		};
/* End PBXFrameworksBuildPhase section */

/* Begin PBXGroup section */
		1B6B73AE2CF3767F002269D2 = {
			isa = PBXGroup;
			children = (
				1B6B73B92CF3767F002269D2 /* SZRES-notif */,
				1B6B73CA2CF37681002269D2 /* SZRES-notifTests */,
				1B6B73D42CF37681002269D2 /* SZRES-notifUITests */,
				1B6B73B82CF3767F002269D2 /* Products */,
			);
			sourceTree = "<group>";
		};
		1B6B73B82CF3767F002269D2 /* Products */ = {
			isa = PBXGroup;
			children = (
				1B6B73B72CF3767F002269D2 /* SZRES-notif.app */,
				1B6B73C72CF37681002269D2 /* SZRES-notifTests.xctest */,
				1B6B73D12CF37681002269D2 /* SZRES-notifUITests.xctest */,
			);
			name = Products;
			sourceTree = "<group>";
		};
/* End PBXGroup section */

/* Begin PBXNativeTarget section */
		1B6B73B62CF3767F002269D2 /* SZRES-notif */ = {
			isa = PBXNativeTarget;
			buildConfigurationList = 1B6B73DB2CF37681002269D2 /* Build configuration list for PBXNativeTarget "SZRES-notif" */;
			buildPhases = (
				1B6B73B32CF3767F002269D2 /* Sources */,
				1B6B73B42CF3767F002269D2 /* Frameworks */,
				1B6B73B52CF3767F002269D2 /* Resources */,
			);
			buildRules = (
			);
			dependencies = (
			);
			fileSystemSynchronizedGroups = (
				1B6B73B92CF3767F002269D2 /* SZRES-notif */,
			);
			name = "SZRES-notif";
			packageProductDependencies = (
			);
			productName = "SZRES-notif";
			productReference = 1B6B73B72CF3767F002269D2 /* SZRES-notif.app */;
			productType = "com.apple.product-type.application";
		};
		1B6B73C62CF37681002269D2 /* SZRES-notifTests */ = {
			isa = PBXNativeTarget;
			buildConfigurationList = 1B6B73DE2CF37681002269D2 /* Build configuration list for PBXNativeTarget "SZRES-notifTests" */;
			buildPhases = (
				1B6B73C32CF37681002269D2 /* Sources */,
				1B6B73C42CF37681002269D2 /* Frameworks */,
				1B6B73C52CF37681002269D2 /* Resources */,
			);
			buildRules = (
			);
			dependencies = (
				1B6B73C92CF37681002269D2 /* PBXTargetDependency */,
			);
			fileSystemSynchronizedGroups = (
				1B6B73CA2CF37681002269D2 /* SZRES-notifTests */,
			);
			name = "SZRES-notifTests";
			packageProductDependencies = (
			);
			productName = "SZRES-notifTests";
			productReference = 1B6B73C72CF37681002269D2 /* SZRES-notifTests.xctest */;
			productType = "com.apple.product-type.bundle.unit-test";
		};
		1B6B73D02CF37681002269D2 /* SZRES-notifUITests */ = {
			isa = PBXNativeTarget;
			buildConfigurationList = 1B6B73E12CF37681002269D2 /* Build configuration list for PBXNativeTarget "SZRES-notifUITests" */;
			buildPhases = (
				1B6B73CD2CF37681002269D2 /* Sources */,
				1B6B73CE2CF37681002269D2 /* Frameworks */,
				1B6B73CF2CF37681002269D2 /* Resources */,
			);
			buildRules = (
			);
			dependencies = (
				1B6B73D32CF37681002269D2 /* PBXTargetDependency */,
			);
			fileSystemSynchronizedGroups = (
				1B6B73D42CF37681002269D2 /* SZRES-notifUITests */,
			);
			name = "SZRES-notifUITests";
			packageProductDependencies = (
			);
			productName = "SZRES-notifUITests";
			productReference = 1B6B73D12CF37681002269D2 /* SZRES-notifUITests.xctest */;
			productType = "com.apple.product-type.bundle.ui-testing";
		};
/* End PBXNativeTarget section */

/* Begin PBXProject section */
		1B6B73AF2CF3767F002269D2 /* Project object */ = {
			isa = PBXProject;
			attributes = {
				BuildIndependentTargetsInParallel = 1;
				LastSwiftUpdateCheck = 1610;
				LastUpgradeCheck = 1610;
				TargetAttributes = {
					1B6B73B62CF3767F002269D2 = {
						CreatedOnToolsVersion = 16.1;
					};
					1B6B73C62CF37681002269D2 = {
						CreatedOnToolsVersion = 16.1;
						TestTargetID = 1B6B73B62CF3767F002269D2;
					};
					1B6B73D02CF37681002269D2 = {
						CreatedOnToolsVersion = 16.1;
						TestTargetID = 1B6B73B62CF3767F002269D2;
					};
				};
			};
			buildConfigurationList = 1B6B73B22CF3767F002269D2 /* Build configuration list for PBXProject "SZRES-notif" */;
			developmentRegion = en;
			hasScannedForEncodings = 0;
			knownRegions = (
				en,
				Base,
			);
			mainGroup = 1B6B73AE2CF3767F002269D2;
			minimizedProjectReferenceProxies = 1;
			preferredProjectObjectVersion = 77;
			productRefGroup = 1B6B73B82CF3767F002269D2 /* Products */;
			projectDirPath = "";
			projectRoot = "";
			targets = (
				1B6B73B62CF3767F002269D2 /* SZRES-notif */,
				1B6B73C62CF37681002269D2 /* SZRES-notifTests */,
				1B6B73D02CF37681002269D2 /* SZRES-notifUITests */,
			);
		};
/* End PBXProject section */

/* Begin PBXResourcesBuildPhase section */
		1B6B73B52CF3767F002269D2 /* Resources */ = {
			isa = PBXResourcesBuildPhase;
			buildActionMask = 2147483647;
			files = (
			);
			runOnlyForDeploymentPostprocessing = 0;
		};
		1B6B73C52CF37681002269D2 /* Resources */ = {
			isa = PBXResourcesBuildPhase;
			buildActionMask = 2147483647;
			files = (
			);
			runOnlyForDeploymentPostprocessing = 0;
		};
		1B6B73CF2CF37681002269D2 /* Resources */ = {
			isa = PBXResourcesBuildPhase;
			buildActionMask = 2147483647;
			files = (
			);
			runOnlyForDeploymentPostprocessing = 0;
		};
/* End PBXResourcesBuildPhase section */

/* Begin PBXSourcesBuildPhase section */
		1B6B73B32CF3767F002269D2 /* Sources */ = {
			isa = PBXSourcesBuildPhase;
			buildActionMask = 2147483647;
			files = (
			);
			runOnlyForDeploymentPostprocessing = 0;
		};
		1B6B73C32CF37681002269D2 /* Sources */ = {
			isa = PBXSourcesBuildPhase;
			buildActionMask = 2147483647;
			files = (
			);
			runOnlyForDeploymentPostprocessing = 0;
		};
		1B6B73CD2CF37681002269D2 /* Sources */ = {
			isa = PBXSourcesBuildPhase;
			buildActionMask = 2147483647;
			files = (
			);
			runOnlyForDeploymentPostprocessing = 0;
		};
/* End PBXSourcesBuildPhase section */

/* Begin PBXTargetDependency section */
		1B6B73C92CF37681002269D2 /* PBXTargetDependency */ = {
			isa = PBXTargetDependency;
			target = 1B6B73B62CF3767F002269D2 /* SZRES-notif */;
			targetProxy = 1B6B73C82CF37681002269D2 /* PBXContainerItemProxy */;
		};
		1B6B73D32CF37681002269D2 /* PBXTargetDependency */ = {
			isa = PBXTargetDependency;
			target = 1B6B73B62CF3767F002269D2 /* SZRES-notif */;
			targetProxy = 1B6B73D22CF37681002269D2 /* PBXContainerItemProxy */;
		};
/* End PBXTargetDependency section */

/* Begin XCBuildConfiguration section */
		1B6B73D92CF37681002269D2 /* Debug */ = {
			isa = XCBuildConfiguration;
			buildSettings = {
				ALWAYS_SEARCH_USER_PATHS = NO;
				ASSETCATALOG_COMPILER_GENERATE_SWIFT_ASSET_SYMBOL_EXTENSIONS = YES;
				CLANG_ANALYZER_NONNULL = YES;
				CLANG_ANALYZER_NUMBER_OBJECT_CONVERSION = YES_AGGRESSIVE;
				CLANG_CXX_LANGUAGE_STANDARD = "gnu++20";
				CLANG_ENABLE_MODULES = YES;
				CLANG_ENABLE_OBJC_ARC = YES;
				CLANG_ENABLE_OBJC_WEAK = YES;
				CLANG_WARN_BLOCK_CAPTURE_AUTORELEASING = YES;
				CLANG_WARN_BOOL_CONVERSION = YES;
				CLANG_WARN_COMMA = YES;
				CLANG_WARN_CONSTANT_CONVERSION = YES;
				CLANG_WARN_DEPRECATED_OBJC_IMPLEMENTATIONS = YES;
				CLANG_WARN_DIRECT_OBJC_ISA_USAGE = YES_ERROR;
				CLANG_WARN_DOCUMENTATION_COMMENTS = YES;
				CLANG_WARN_EMPTY_BODY = YES;
				CLANG_WARN_ENUM_CONVERSION = YES;
				CLANG_WARN_INFINITE_RECURSION = YES;
				CLANG_WARN_INT_CONVERSION = YES;
				CLANG_WARN_NON_LITERAL_NULL_CONVERSION = YES;
				CLANG_WARN_OBJC_IMPLICIT_RETAIN_SELF = YES;
				CLANG_WARN_OBJC_LITERAL_CONVERSION = YES;
				CLANG_WARN_OBJC_ROOT_CLASS = YES_ERROR;
				CLANG_WARN_QUOTED_INCLUDE_IN_FRAMEWORK_HEADER = YES;
				CLANG_WARN_RANGE_LOOP_ANALYSIS = YES;
				CLANG_WARN_STRICT_PROTOTYPES = YES;
				CLANG_WARN_SUSPICIOUS_MOVE = YES;
				CLANG_WARN_UNGUARDED_AVAILABILITY = YES_AGGRESSIVE;
				CLANG_WARN_UNREACHABLE_CODE = YES;
				CLANG_WARN__DUPLICATE_METHOD_MATCH = YES;
				COPY_PHASE_STRIP = NO;
				DEBUG_INFORMATION_FORMAT = dwarf;
				ENABLE_STRICT_OBJC_MSGSEND = YES;
				ENABLE_TESTABILITY = YES;
				ENABLE_USER_SCRIPT_SANDBOXING = YES;
				GCC_C_LANGUAGE_STANDARD = gnu17;
				GCC_DYNAMIC_NO_PIC = NO;
				GCC_NO_COMMON_BLOCKS = YES;
				GCC_OPTIMIZATION_LEVEL = 0;
				GCC_PREPROCESSOR_DEFINITIONS = (
					"DEBUG=1",
					"$(inherited)",
				);
				GCC_WARN_64_TO_32_BIT_CONVERSION = YES;
				GCC_WARN_ABOUT_RETURN_TYPE = YES_ERROR;
				GCC_WARN_UNDECLARED_SELECTOR = YES;
				GCC_WARN_UNINITIALIZED_AUTOS = YES_AGGRESSIVE;
				GCC_WARN_UNUSED_FUNCTION = YES;
				GCC_WARN_UNUSED_VARIABLE = YES;
				IPHONEOS_DEPLOYMENT_TARGET = 18.1;
				LOCALIZATION_PREFERS_STRING_CATALOGS = YES;
				MTL_ENABLE_DEBUG_INFO = INCLUDE_SOURCE;
				MTL_FAST_MATH = YES;
				ONLY_ACTIVE_ARCH = YES;
				SDKROOT = iphoneos;
				SWIFT_ACTIVE_COMPILATION_CONDITIONS = "DEBUG $(inherited)";
				SWIFT_OPTIMIZATION_LEVEL = "-Onone";
			};
			name = Debug;
		};
		1B6B73DA2CF37681002269D2 /* Release */ = {
			isa = XCBuildConfiguration;
			buildSettings = {
				ALWAYS_SEARCH_USER_PATHS = NO;
				ASSETCATALOG_COMPILER_GENERATE_SWIFT_ASSET_SYMBOL_EXTENSIONS = YES;
				CLANG_ANALYZER_NONNULL = YES;
				CLANG_ANALYZER_NUMBER_OBJECT_CONVERSION = YES_AGGRESSIVE;
				CLANG_CXX_LANGUAGE_STANDARD = "gnu++20";
				CLANG_ENABLE_MODULES = YES;
				CLANG_ENABLE_OBJC_ARC = YES;
				CLANG_ENABLE_OBJC_WEAK = YES;
				CLANG_WARN_BLOCK_CAPTURE_AUTORELEASING = YES;
				CLANG_WARN_BOOL_CONVERSION = YES;
				CLANG_WARN_COMMA = YES;
				CLANG_WARN_CONSTANT_CONVERSION = YES;
				CLANG_WARN_DEPRECATED_OBJC_IMPLEMENTATIONS = YES;
				CLANG_WARN_DIRECT_OBJC_ISA_USAGE = YES_ERROR;
				CLANG_WARN_DOCUMENTATION_COMMENTS = YES;
				CLANG_WARN_EMPTY_BODY = YES;
				CLANG_WARN_ENUM_CONVERSION = YES;
				CLANG_WARN_INFINITE_RECURSION = YES;
				CLANG_WARN_INT_CONVERSION = YES;
				CLANG_WARN_NON_LITERAL_NULL_CONVERSION = YES;
				CLANG_WARN_OBJC_IMPLICIT_RETAIN_SELF = YES;
				CLANG_WARN_OBJC_LITERAL_CONVERSION = YES;
				CLANG_WARN_OBJC_ROOT_CLASS = YES_ERROR;
				CLANG_WARN_QUOTED_INCLUDE_IN_FRAMEWORK_HEADER = YES;
				CLANG_WARN_RANGE_LOOP_ANALYSIS = YES;
				CLANG_WARN_STRICT_PROTOTYPES = YES;
				CLANG_WARN_SUSPICIOUS_MOVE = YES;
				CLANG_WARN_UNGUARDED_AVAILABILITY = YES_AGGRESSIVE;
				CLANG_WARN_UNREACHABLE_CODE = YES;
				CLANG_WARN__DUPLICATE_METHOD_MATCH = YES;
				COPY_PHASE_STRIP = NO;
				DEBUG_INFORMATION_FORMAT = "dwarf-with-dsym";
				ENABLE_NS_ASSERTIONS = NO;
				ENABLE_STRICT_OBJC_MSGSEND = YES;
				ENABLE_USER_SCRIPT_SANDBOXING = YES;
				GCC_C_LANGUAGE_STANDARD = gnu17;
				GCC_NO_COMMON_BLOCKS = YES;
				GCC_WARN_64_TO_32_BIT_CONVERSION = YES;
				GCC_WARN_ABOUT_RETURN_TYPE = YES_ERROR;
				GCC_WARN_UNDECLARED_SELECTOR = YES;
				GCC_WARN_UNINITIALIZED_AUTOS = YES_AGGRESSIVE;
				GCC_WARN_UNUSED_FUNCTION = YES;
				GCC_WARN_UNUSED_VARIABLE = YES;
				IPHONEOS_DEPLOYMENT_TARGET = 18.1;
				LOCALIZATION_PREFERS_STRING_CATALOGS = YES;
				MTL_ENABLE_DEBUG_INFO = NO;
				MTL_FAST_MATH = YES;
				SDKROOT = iphoneos;
				SWIFT_COMPILATION_MODE = wholemodule;
				VALIDATE_PRODUCT = YES;
			};
			name = Release;
		};
		1B6B73DC2CF37681002269D2 /* Debug */ = {
			isa = XCBuildConfiguration;
			buildSettings = {
				ASSETCATALOG_COMPILER_APPICON_NAME = AppIcon;
				ASSETCATALOG_COMPILER_GLOBAL_ACCENT_COLOR_NAME = AccentColor;
				CODE_SIGN_STYLE = Automatic;
				CURRENT_PROJECT_VERSION = 1;
				DEVELOPMENT_ASSET_PATHS = "\"SZRES-notif/Preview Content\"";
				DEVELOPMENT_TEAM = A6D6N85PG5;
				ENABLE_PREVIEWS = YES;
				GENERATE_INFOPLIST_FILE = YES;
				INFOPLIST_KEY_UIApplicationSceneManifest_Generation = YES;
				INFOPLIST_KEY_UIApplicationSupportsIndirectInputEvents = YES;
				INFOPLIST_KEY_UILaunchScreen_Generation = YES;
				INFOPLIST_KEY_UISupportedInterfaceOrientations_iPad = "UIInterfaceOrientationPortrait UIInterfaceOrientationPortraitUpsideDown UIInterfaceOrientationLandscapeLeft UIInterfaceOrientationLandscapeRight";
				INFOPLIST_KEY_UISupportedInterfaceOrientations_iPhone = "UIInterfaceOrientationPortrait UIInterfaceOrientationLandscapeLeft UIInterfaceOrientationLandscapeRight";
				LD_RUNPATH_SEARCH_PATHS = (
					"$(inherited)",
					"@executable_path/Frameworks",
				);
				MARKETING_VERSION = 1.0;
				PRODUCT_BUNDLE_IDENTIFIER = "org.szres.SZRES-notif";
				PRODUCT_NAME = "$(TARGET_NAME)";
				SWIFT_EMIT_LOC_STRINGS = YES;
				SWIFT_VERSION = 5.0;
				TARGETED_DEVICE_FAMILY = "1,2";
			};
			name = Debug;
		};
		1B6B73DD2CF37681002269D2 /* Release */ = {
			isa = XCBuildConfiguration;
			buildSettings = {
				ASSETCATALOG_COMPILER_APPICON_NAME = AppIcon;
				ASSETCATALOG_COMPILER_GLOBAL_ACCENT_COLOR_NAME = AccentColor;
				CODE_SIGN_STYLE = Automatic;
				CURRENT_PROJECT_VERSION = 1;
				DEVELOPMENT_ASSET_PATHS = "\"SZRES-notif/Preview Content\"";
				DEVELOPMENT_TEAM = A6D6N85PG5;
				ENABLE_PREVIEWS = YES;
				GENERATE_INFOPLIST_FILE = YES;
				INFOPLIST_KEY_UIApplicationSceneManifest_Generation = YES;
				INFOPLIST_KEY_UIApplicationSupportsIndirectInputEvents = YES;
				INFOPLIST_KEY_UILaunchScreen_Generation = YES;
				INFOPLIST_KEY_UISupportedInterfaceOrientations_iPad = "UIInterfaceOrientationPortrait UIInterfaceOrientationPortraitUpsideDown UIInterfaceOrientationLandscapeLeft UIInterfaceOrientationLandscapeRight";
				INFOPLIST_KEY_UISupportedInterfaceOrientations_iPhone = "UIInterfaceOrientationPortrait UIInterfaceOrientationLandscapeLeft UIInterfaceOrientationLandscapeRight";
				LD_RUNPATH_SEARCH_PATHS = (
					"$(inherited)",
					"@executable_path/Frameworks",
				);
				MARKETING_VERSION = 1.0;
				PRODUCT_BUNDLE_IDENTIFIER = "org.szres.SZRES-notif";
				PRODUCT_NAME = "$(TARGET_NAME)";
				SWIFT_EMIT_LOC_STRINGS = YES;
				SWIFT_VERSION = 5.0;
				TARGETED_DEVICE_FAMILY = "1,2";
			};
			name = Release;
		};
		1B6B73DF2CF37681002269D2 /* Debug */ = {
			isa = XCBuildConfiguration;
			buildSettings = {
				BUNDLE_LOADER = "$(TEST_HOST)";
				CODE_SIGN_STYLE = Automatic;
				CURRENT_PROJECT_VERSION = 1;
				DEVELOPMENT_TEAM = A6D6N85PG5;
				GENERATE_INFOPLIST_FILE = YES;
				IPHONEOS_DEPLOYMENT_TARGET = 18.1;
				MARKETING_VERSION = 1.0;
				PRODUCT_BUNDLE_IDENTIFIER = "org.szres.SZRES-notifTests";
				PRODUCT_NAME = "$(TARGET_NAME)";
				SWIFT_EMIT_LOC_STRINGS = NO;
				SWIFT_VERSION = 5.0;
				TARGETED_DEVICE_FAMILY = "1,2";
				TEST_HOST = "$(BUILT_PRODUCTS_DIR)/SZRES-notif.app/$(BUNDLE_EXECUTABLE_FOLDER_PATH)/SZRES-notif";
			};
			name = Debug;
		};
		1B6B73E02CF37681002269D2 /* Release */ = {
			isa = XCBuildConfiguration;
			buildSettings = {
				BUNDLE_LOADER = "$(TEST_HOST)";
				CODE_SIGN_STYLE = Automatic;
				CURRENT_PROJECT_VERSION = 1;
				DEVELOPMENT_TEAM = A6D6N85PG5;
				GENERATE_INFOPLIST_FILE = YES;
				IPHONEOS_DEPLOYMENT_TARGET = 18.1;
				MARKETING_VERSION = 1.0;
				PRODUCT_BUNDLE_IDENTIFIER = "org.szres.SZRES-notifTests";
				PRODUCT_NAME = "$(TARGET_NAME)";
				SWIFT_EMIT_LOC_STRINGS = NO;
				SWIFT_VERSION = 5.0;
				TARGETED_DEVICE_FAMILY = "1,2";
				TEST_HOST = "$(BUILT_PRODUCTS_DIR)/SZRES-notif.app/$(BUNDLE_EXECUTABLE_FOLDER_PATH)/SZRES-notif";
			};
			name = Release;
		};
		1B6B73E22CF37681002269D2 /* Debug */ = {
			isa = XCBuildConfiguration;
			buildSettings = {
				CODE_SIGN_STYLE = Automatic;
				CURRENT_PROJECT_VERSION = 1;
				DEVELOPMENT_TEAM = A6D6N85PG5;
				GENERATE_INFOPLIST_FILE = YES;
				MARKETING_VERSION = 1.0;
				PRODUCT_BUNDLE_IDENTIFIER = "org.szres.SZRES-notifUITests";
				PRODUCT_NAME = "$(TARGET_NAME)";
				SWIFT_EMIT_LOC_STRINGS = NO;
				SWIFT_VERSION = 5.0;
				TARGETED_DEVICE_FAMILY = "1,2";
				TEST_TARGET_NAME = "SZRES-notif";
			};
			name = Debug;
		};
		1B6B73E32CF37681002269D2 /* Release */ = {
			isa = XCBuildConfiguration;
			buildSettings = {
				CODE_SIGN_STYLE = Automatic;
				CURRENT_PROJECT_VERSION = 1;
				DEVELOPMENT_TEAM = A6D6N85PG5;
				GENERATE_INFOPLIST_FILE = YES;
				MARKETING_VERSION = 1.0;
				PRODUCT_BUNDLE_IDENTIFIER = "org.szres.SZRES-notifUITests";
				PRODUCT_NAME = "$(TARGET_NAME)";
				SWIFT_EMIT_LOC_STRINGS = NO;
				SWIFT_VERSION = 5.0;
				TARGETED_DEVICE_FAMILY = "1,2";
				TEST_TARGET_NAME = "SZRES-notif";
			};
			name = Release;
		};
/* End XCBuildConfiguration section */

/* Begin XCConfigurationList section */
		1B6B73B22CF3767F002269D2 /* Build configuration list for PBXProject "SZRES-notif" */ = {
			isa = XCConfigurationList;
			buildConfigurations = (
				1B6B73D92CF37681002269D2 /* Debug */,
				1B6B73DA2CF37681002269D2 /* Release */,
			);
			defaultConfigurationIsVisible = 0;
			defaultConfigurationName = Release;
		};
		1B6B73DB2CF37681002269D2 /* Build configuration list for PBXNativeTarget "SZRES-notif" */ = {
			isa = XCConfigurationList;
			buildConfigurations = (
				1B6B73DC2CF37681002269D2 /* Debug */,
				1B6B73DD2CF37681002269D2 /* Release */,
			);
			defaultConfigurationIsVisible = 0;
			defaultConfigurationName = Release;
		};
		1B6B73DE2CF37681002269D2 /* Build configuration list for PBXNativeTarget "SZRES-notifTests" */ = {
			isa = XCConfigurationList;
			buildConfigurations = (
				1B6B73DF2CF37681002269D2 /* Debug */,
				1B6B73E02CF37681002269D2 /* Release */,
			);
			defaultConfigurationIsVisible = 0;
			defaultConfigurationName = Release;
		};
		1B6B73E12CF37681002269D2 /* Build configuration list for PBXNativeTarget "SZRES-notifUITests" */ = {
			isa = XCConfigurationList;
			buildConfigurations = (
				1B6B73E22CF37681002269D2 /* Debug */,
				1B6B73E32CF37681002269D2 /* Release */,
			);
			defaultConfigurationIsVisible = 0;
			defaultConfigurationName = Release;
		};
/* End XCConfigurationList section */
	};
	rootObject = 1B6B73AF2CF3767F002269D2 /* Project object */;
}
